// !$*UTF8*$!
{
	archiveVersion = 1;
	classes = {
	};
	objectVersion = 56;
	objects = {

/* Begin PBXBuildFile section */
		4253E1CA29E1589E003BBA68 /* StarbucksCloneCodingApp.swift in Sources */ = {isa = PBXBuildFile; fileRef = 4253E1C929E1589E003BBA68 /* StarbucksCloneCodingApp.swift */; };
		4253E1CC29E1589E003BBA68 /* ContentView.swift in Sources */ = {isa = PBXBuildFile; fileRef = 4253E1CB29E1589E003BBA68 /* ContentView.swift */; };
		4253E1CE29E158A0003BBA68 /* Assets.xcassets in Resources */ = {isa = PBXBuildFile; fileRef = 4253E1CD29E158A0003BBA68 /* Assets.xcassets */; };
		4253E1D129E158A0003BBA68 /* Preview Assets.xcassets in Resources */ = {isa = PBXBuildFile; fileRef = 4253E1D029E158A0003BBA68 /* Preview Assets.xcassets */; };
		4253E1D829E15DAB003BBA68 /* Tab.swift in Sources */ = {isa = PBXBuildFile; fileRef = 4253E1D729E15DAB003BBA68 /* Tab.swift */; };
		4253E1DA29E15E0D003BBA68 /* MainTabView.swift in Sources */ = {isa = PBXBuildFile; fileRef = 4253E1D929E15E0D003BBA68 /* MainTabView.swift */; };
		4253E1DE29E16944003BBA68 /* MenuSuggestionSectionView.swift in Sources */ = {isa = PBXBuildFile; fileRef = 4253E1DD29E16944003BBA68 /* MenuSuggestionSectionView.swift */; };
		4253E1E329E19C50003BBA68 /* Beverage.swift in Sources */ = {isa = PBXBuildFile; fileRef = 4253E1E229E19C50003BBA68 /* Beverage.swift */; };
		4253E1E529E19C77003BBA68 /* Banner.swift in Sources */ = {isa = PBXBuildFile; fileRef = 4253E1E429E19C77003BBA68 /* Banner.swift */; };
		4253E1E729E19C9D003BBA68 /* WhatsNew.swift in Sources */ = {isa = PBXBuildFile; fileRef = 4253E1E629E19C9D003BBA68 /* WhatsNew.swift */; };
		4253E1E929E1A2DE003BBA68 /* EventView.swift in Sources */ = {isa = PBXBuildFile; fileRef = 4253E1E829E1A2DE003BBA68 /* EventView.swift */; };
		4253E1EB29E1ADDC003BBA68 /* BannerView.swift in Sources */ = {isa = PBXBuildFile; fileRef = 4253E1EA29E1ADDC003BBA68 /* BannerView.swift */; };
		4253E1EE29E1B22D003BBA68 /* HomeView.swift in Sources */ = {isa = PBXBuildFile; fileRef = 4253E1ED29E1B22D003BBA68 /* HomeView.swift */; };
/* End PBXBuildFile section */

/* Begin PBXFileReference section */
		4253E1C629E1589E003BBA68 /* StarbucksCloneCoding.app */ = {isa = PBXFileReference; explicitFileType = wrapper.application; includeInIndex = 0; path = StarbucksCloneCoding.app; sourceTree = BUILT_PRODUCTS_DIR; };
		4253E1C929E1589E003BBA68 /* StarbucksCloneCodingApp.swift */ = {isa = PBXFileReference; lastKnownFileType = sourcecode.swift; path = StarbucksCloneCodingApp.swift; sourceTree = "<group>"; };
		4253E1CB29E1589E003BBA68 /* ContentView.swift */ = {isa = PBXFileReference; lastKnownFileType = sourcecode.swift; path = ContentView.swift; sourceTree = "<group>"; };
		4253E1CD29E158A0003BBA68 /* Assets.xcassets */ = {isa = PBXFileReference; lastKnownFileType = folder.assetcatalog; path = Assets.xcassets; sourceTree = "<group>"; };
		4253E1D029E158A0003BBA68 /* Preview Assets.xcassets */ = {isa = PBXFileReference; lastKnownFileType = folder.assetcatalog; path = "Preview Assets.xcassets"; sourceTree = "<group>"; };
		4253E1D729E15DAB003BBA68 /* Tab.swift */ = {isa = PBXFileReference; lastKnownFileType = sourcecode.swift; path = Tab.swift; sourceTree = "<group>"; };
		4253E1D929E15E0D003BBA68 /* MainTabView.swift */ = {isa = PBXFileReference; lastKnownFileType = sourcecode.swift; path = MainTabView.swift; sourceTree = "<group>"; };
		4253E1DD29E16944003BBA68 /* MenuSuggestionSectionView.swift */ = {isa = PBXFileReference; lastKnownFileType = sourcecode.swift; path = MenuSuggestionSectionView.swift; sourceTree = "<group>"; };
		4253E1E229E19C50003BBA68 /* Beverage.swift */ = {isa = PBXFileReference; lastKnownFileType = sourcecode.swift; path = Beverage.swift; sourceTree = "<group>"; };
		4253E1E429E19C77003BBA68 /* Banner.swift */ = {isa = PBXFileReference; lastKnownFileType = sourcecode.swift; path = Banner.swift; sourceTree = "<group>"; };
		4253E1E629E19C9D003BBA68 /* WhatsNew.swift */ = {isa = PBXFileReference; lastKnownFileType = sourcecode.swift; path = WhatsNew.swift; sourceTree = "<group>"; };
		4253E1E829E1A2DE003BBA68 /* EventView.swift */ = {isa = PBXFileReference; lastKnownFileType = sourcecode.swift; path = EventView.swift; sourceTree = "<group>"; };
		4253E1EA29E1ADDC003BBA68 /* BannerView.swift */ = {isa = PBXFileReference; lastKnownFileType = sourcecode.swift; path = BannerView.swift; sourceTree = "<group>"; };
		4253E1ED29E1B22D003BBA68 /* HomeView.swift */ = {isa = PBXFileReference; lastKnownFileType = sourcecode.swift; path = HomeView.swift; sourceTree = "<group>"; };
/* End PBXFileReference section */

/* Begin PBXFrameworksBuildPhase section */
		4253E1C329E1589E003BBA68 /* Frameworks */ = {
			isa = PBXFrameworksBuildPhase;
			buildActionMask = 2147483647;
			files = (
			);
			runOnlyForDeploymentPostprocessing = 0;
		};
/* End PBXFrameworksBuildPhase section */

/* Begin PBXGroup section */
		4253E1BD29E1589E003BBA68 = {
			isa = PBXGroup;
			children = (
				4253E1C829E1589E003BBA68 /* StarbucksCloneCoding */,
				4253E1C729E1589E003BBA68 /* Products */,
			);
			sourceTree = "<group>";
		};
		4253E1C729E1589E003BBA68 /* Products */ = {
			isa = PBXGroup;
			children = (
				4253E1C629E1589E003BBA68 /* StarbucksCloneCoding.app */,
			);
			name = Products;
			sourceTree = "<group>";
		};
		4253E1C829E1589E003BBA68 /* StarbucksCloneCoding */ = {
			isa = PBXGroup;
			children = (
				4253E1C929E1589E003BBA68 /* StarbucksCloneCodingApp.swift */,
				4253E1CB29E1589E003BBA68 /* ContentView.swift */,
				4253E1E129E19C23003BBA68 /* Models */,
				4253E1EC29E1B17B003BBA68 /* Views */,
				4253E1DC29E1692D003BBA68 /* Scenes */,
				4253E1CD29E158A0003BBA68 /* Assets.xcassets */,
				4253E1CF29E158A0003BBA68 /* Preview Content */,
			);
			path = StarbucksCloneCoding;
			sourceTree = "<group>";
		};
		4253E1CF29E158A0003BBA68 /* Preview Content */ = {
			isa = PBXGroup;
			children = (
				4253E1D029E158A0003BBA68 /* Preview Assets.xcassets */,
			);
			path = "Preview Content";
			sourceTree = "<group>";
		};
		4253E1DB29E168FB003BBA68 /* Tab */ = {
			isa = PBXGroup;
			children = (
				4253E1D729E15DAB003BBA68 /* Tab.swift */,
				4253E1D929E15E0D003BBA68 /* MainTabView.swift */,
			);
			path = Tab;
			sourceTree = "<group>";
		};
		4253E1DC29E1692D003BBA68 /* Scenes */ = {
			isa = PBXGroup;
			children = (
				4253E1DB29E168FB003BBA68 /* Tab */,
			);
			path = Scenes;
			sourceTree = "<group>";
		};
		4253E1E129E19C23003BBA68 /* Models */ = {
			isa = PBXGroup;
			children = (
				4253E1E229E19C50003BBA68 /* Beverage.swift */,
				4253E1E429E19C77003BBA68 /* Banner.swift */,
				4253E1E629E19C9D003BBA68 /* WhatsNew.swift */,
			);
			path = Models;
			sourceTree = "<group>";
		};
		4253E1EC29E1B17B003BBA68 /* Views */ = {
			isa = PBXGroup;
			children = (
				4253E1DD29E16944003BBA68 /* MenuSuggestionSectionView.swift */,
				4253E1E829E1A2DE003BBA68 /* EventView.swift */,
				4253E1EA29E1ADDC003BBA68 /* BannerView.swift */,
				4253E1ED29E1B22D003BBA68 /* HomeView.swift */,
			);
			path = Views;
			sourceTree = "<group>";
		};
/* End PBXGroup section */

/* Begin PBXNativeTarget section */
		4253E1C529E1589E003BBA68 /* StarbucksCloneCoding */ = {
			isa = PBXNativeTarget;
			buildConfigurationList = 4253E1D429E158A0003BBA68 /* Build configuration list for PBXNativeTarget "StarbucksCloneCoding" */;
			buildPhases = (
				4253E1C229E1589E003BBA68 /* Sources */,
				4253E1C329E1589E003BBA68 /* Frameworks */,
				4253E1C429E1589E003BBA68 /* Resources */,
			);
			buildRules = (
			);
			dependencies = (
			);
			name = StarbucksCloneCoding;
			productName = StarbucksCloneCoding;
			productReference = 4253E1C629E1589E003BBA68 /* StarbucksCloneCoding.app */;
			productType = "com.apple.product-type.application";
		};
/* End PBXNativeTarget section */

/* Begin PBXProject section */
		4253E1BE29E1589E003BBA68 /* Project object */ = {
			isa = PBXProject;
			attributes = {
				BuildIndependentTargetsInParallel = 1;
				LastSwiftUpdateCheck = 1430;
				LastUpgradeCheck = 1430;
				TargetAttributes = {
					4253E1C529E1589E003BBA68 = {
						CreatedOnToolsVersion = 14.3;
					};
				};
			};
			buildConfigurationList = 4253E1C129E1589E003BBA68 /* Build configuration list for PBXProject "StarbucksCloneCoding" */;
			compatibilityVersion = "Xcode 14.0";
			developmentRegion = en;
			hasScannedForEncodings = 0;
			knownRegions = (
				en,
				Base,
			);
			mainGroup = 4253E1BD29E1589E003BBA68;
			productRefGroup = 4253E1C729E1589E003BBA68 /* Products */;
			projectDirPath = "";
			projectRoot = "";
			targets = (
				4253E1C529E1589E003BBA68 /* StarbucksCloneCoding */,
			);
		};
/* End PBXProject section */

/* Begin PBXResourcesBuildPhase section */
		4253E1C429E1589E003BBA68 /* Resources */ = {
			isa = PBXResourcesBuildPhase;
			buildActionMask = 2147483647;
			files = (
				4253E1D129E158A0003BBA68 /* Preview Assets.xcassets in Resources */,
				4253E1CE29E158A0003BBA68 /* Assets.xcassets in Resources */,
			);
			runOnlyForDeploymentPostprocessing = 0;
		};
/* End PBXResourcesBuildPhase section */

/* Begin PBXSourcesBuildPhase section */
		4253E1C229E1589E003BBA68 /* Sources */ = {
			isa = PBXSourcesBuildPhase;
			buildActionMask = 2147483647;
			files = (
				4253E1EB29E1ADDC003BBA68 /* BannerView.swift in Sources */,
				4253E1D829E15DAB003BBA68 /* Tab.swift in Sources */,
				4253E1CC29E1589E003BBA68 /* ContentView.swift in Sources */,
				4253E1E729E19C9D003BBA68 /* WhatsNew.swift in Sources */,
				4253E1E929E1A2DE003BBA68 /* EventView.swift in Sources */,
				4253E1EE29E1B22D003BBA68 /* HomeView.swift in Sources */,
				4253E1CA29E1589E003BBA68 /* StarbucksCloneCodingApp.swift in Sources */,
				4253E1DE29E16944003BBA68 /* MenuSuggestionSectionView.swift in Sources */,
				4253E1E529E19C77003BBA68 /* Banner.swift in Sources */,
				4253E1DA29E15E0D003BBA68 /* MainTabView.swift in Sources */,
				4253E1E329E19C50003BBA68 /* Beverage.swift in Sources */,
			);
			runOnlyForDeploymentPostprocessing = 0;
		};
/* End PBXSourcesBuildPhase section */

/* Begin XCBuildConfiguration section */
		4253E1D229E158A0003BBA68 /* Debug */ = {
			isa = XCBuildConfiguration;
			buildSettings = {
				ALWAYS_SEARCH_USER_PATHS = NO;
				CLANG_ANALYZER_NONNULL = YES;
				CLANG_ANALYZER_NUMBER_OBJECT_CONVERSION = YES_AGGRESSIVE;
				CLANG_CXX_LANGUAGE_STANDARD = "gnu++20";
				CLANG_ENABLE_MODULES = YES;
				CLANG_ENABLE_OBJC_ARC = YES;
				CLANG_ENABLE_OBJC_WEAK = YES;
				CLANG_WARN_BLOCK_CAPTURE_AUTORELEASING = YES;
				CLANG_WARN_BOOL_CONVERSION = YES;
				CLANG_WARN_COMMA = YES;
				CLANG_WARN_CONSTANT_CONVERSION = YES;
				CLANG_WARN_DEPRECATED_OBJC_IMPLEMENTATIONS = YES;
				CLANG_WARN_DIRECT_OBJC_ISA_USAGE = YES_ERROR;
				CLANG_WARN_DOCUMENTATION_COMMENTS = YES;
				CLANG_WARN_EMPTY_BODY = YES;
				CLANG_WARN_ENUM_CONVERSION = YES;
				CLANG_WARN_INFINITE_RECURSION = YES;
				CLANG_WARN_INT_CONVERSION = YES;
				CLANG_WARN_NON_LITERAL_NULL_CONVERSION = YES;
				CLANG_WARN_OBJC_IMPLICIT_RETAIN_SELF = YES;
				CLANG_WARN_OBJC_LITERAL_CONVERSION = YES;
				CLANG_WARN_OBJC_ROOT_CLASS = YES_ERROR;
				CLANG_WARN_QUOTED_INCLUDE_IN_FRAMEWORK_HEADER = YES;
				CLANG_WARN_RANGE_LOOP_ANALYSIS = YES;
				CLANG_WARN_STRICT_PROTOTYPES = YES;
				CLANG_WARN_SUSPICIOUS_MOVE = YES;
				CLANG_WARN_UNGUARDED_AVAILABILITY = YES_AGGRESSIVE;
				CLANG_WARN_UNREACHABLE_CODE = YES;
				CLANG_WARN__DUPLICATE_METHOD_MATCH = YES;
				COPY_PHASE_STRIP = NO;
				DEBUG_INFORMATION_FORMAT = dwarf;
				ENABLE_STRICT_OBJC_MSGSEND = YES;
				ENABLE_TESTABILITY = YES;
				GCC_C_LANGUAGE_STANDARD = gnu11;
				GCC_DYNAMIC_NO_PIC = NO;
				GCC_NO_COMMON_BLOCKS = YES;
				GCC_OPTIMIZATION_LEVEL = 0;
				GCC_PREPROCESSOR_DEFINITIONS = (
					"DEBUG=1",
					"$(inherited)",
				);
				GCC_WARN_64_TO_32_BIT_CONVERSION = YES;
				GCC_WARN_ABOUT_RETURN_TYPE = YES_ERROR;
				GCC_WARN_UNDECLARED_SELECTOR = YES;
				GCC_WARN_UNINITIALIZED_AUTOS = YES_AGGRESSIVE;
				GCC_WARN_UNUSED_FUNCTION = YES;
				GCC_WARN_UNUSED_VARIABLE = YES;
				IPHONEOS_DEPLOYMENT_TARGET = 16.4;
				MTL_ENABLE_DEBUG_INFO = INCLUDE_SOURCE;
				MTL_FAST_MATH = YES;
				ONLY_ACTIVE_ARCH = YES;
				SDKROOT = iphoneos;
				SWIFT_ACTIVE_COMPILATION_CONDITIONS = DEBUG;
				SWIFT_OPTIMIZATION_LEVEL = "-Onone";
			};
			name = Debug;
		};
		4253E1D329E158A0003BBA68 /* Release */ = {
			isa = XCBuildConfiguration;
			buildSettings = {
				ALWAYS_SEARCH_USER_PATHS = NO;
				CLANG_ANALYZER_NONNULL = YES;
				CLANG_ANALYZER_NUMBER_OBJECT_CONVERSION = YES_AGGRESSIVE;
				CLANG_CXX_LANGUAGE_STANDARD = "gnu++20";
				CLANG_ENABLE_MODULES = YES;
				CLANG_ENABLE_OBJC_ARC = YES;
				CLANG_ENABLE_OBJC_WEAK = YES;
				CLANG_WARN_BLOCK_CAPTURE_AUTORELEASING = YES;
				CLANG_WARN_BOOL_CONVERSION = YES;
				CLANG_WARN_COMMA = YES;
				CLANG_WARN_CONSTANT_CONVERSION = YES;
				CLANG_WARN_DEPRECATED_OBJC_IMPLEMENTATIONS = YES;
				CLANG_WARN_DIRECT_OBJC_ISA_USAGE = YES_ERROR;
				CLANG_WARN_DOCUMENTATION_COMMENTS = YES;
				CLANG_WARN_EMPTY_BODY = YES;
				CLANG_WARN_ENUM_CONVERSION = YES;
				CLANG_WARN_INFINITE_RECURSION = YES;
				CLANG_WARN_INT_CONVERSION = YES;
				CLANG_WARN_NON_LITERAL_NULL_CONVERSION = YES;
				CLANG_WARN_OBJC_IMPLICIT_RETAIN_SELF = YES;
				CLANG_WARN_OBJC_LITERAL_CONVERSION = YES;
				CLANG_WARN_OBJC_ROOT_CLASS = YES_ERROR;
				CLANG_WARN_QUOTED_INCLUDE_IN_FRAMEWORK_HEADER = YES;
				CLANG_WARN_RANGE_LOOP_ANALYSIS = YES;
				CLANG_WARN_STRICT_PROTOTYPES = YES;
				CLANG_WARN_SUSPICIOUS_MOVE = YES;
				CLANG_WARN_UNGUARDED_AVAILABILITY = YES_AGGRESSIVE;
				CLANG_WARN_UNREACHABLE_CODE = YES;
				CLANG_WARN__DUPLICATE_METHOD_MATCH = YES;
				COPY_PHASE_STRIP = NO;
				DEBUG_INFORMATION_FORMAT = "dwarf-with-dsym";
				ENABLE_NS_ASSERTIONS = NO;
				ENABLE_STRICT_OBJC_MSGSEND = YES;
				GCC_C_LANGUAGE_STANDARD = gnu11;
				GCC_NO_COMMON_BLOCKS = YES;
				GCC_WARN_64_TO_32_BIT_CONVERSION = YES;
				GCC_WARN_ABOUT_RETURN_TYPE = YES_ERROR;
				GCC_WARN_UNDECLARED_SELECTOR = YES;
				GCC_WARN_UNINITIALIZED_AUTOS = YES_AGGRESSIVE;
				GCC_WARN_UNUSED_FUNCTION = YES;
				GCC_WARN_UNUSED_VARIABLE = YES;
				IPHONEOS_DEPLOYMENT_TARGET = 16.4;
				MTL_ENABLE_DEBUG_INFO = NO;
				MTL_FAST_MATH = YES;
				SDKROOT = iphoneos;
				SWIFT_COMPILATION_MODE = wholemodule;
				SWIFT_OPTIMIZATION_LEVEL = "-O";
				VALIDATE_PRODUCT = YES;
			};
			name = Release;
		};
		4253E1D529E158A0003BBA68 /* Debug */ = {
			isa = XCBuildConfiguration;
			buildSettings = {
				ASSETCATALOG_COMPILER_APPICON_NAME = AppIcon;
				ASSETCATALOG_COMPILER_GLOBAL_ACCENT_COLOR_NAME = AccentColor;
				CODE_SIGN_STYLE = Automatic;
				CURRENT_PROJECT_VERSION = 1;
				DEVELOPMENT_ASSET_PATHS = "\"StarbucksCloneCoding/Preview Content\"";
				DEVELOPMENT_TEAM = 6T62MU29CF;
				ENABLE_PREVIEWS = YES;
				GENERATE_INFOPLIST_FILE = YES;
				INFOPLIST_KEY_UIApplicationSceneManifest_Generation = YES;
				INFOPLIST_KEY_UIApplicationSupportsIndirectInputEvents = YES;
				INFOPLIST_KEY_UILaunchScreen_Generation = YES;
				INFOPLIST_KEY_UISupportedInterfaceOrientations_iPad = "UIInterfaceOrientationPortrait UIInterfaceOrientationPortraitUpsideDown UIInterfaceOrientationLandscapeLeft UIInterfaceOrientationLandscapeRight";
				INFOPLIST_KEY_UISupportedInterfaceOrientations_iPhone = "UIInterfaceOrientationPortrait UIInterfaceOrientationLandscapeLeft UIInterfaceOrientationLandscapeRight";
				LD_RUNPATH_SEARCH_PATHS = (
					"$(inherited)",
					"@executable_path/Frameworks",
				);
				MARKETING_VERSION = 1.0;
				PRODUCT_BUNDLE_IDENTIFIER = net.yeton.StarbucksCloneCoding;
				PRODUCT_NAME = "$(TARGET_NAME)";
				SWIFT_EMIT_LOC_STRINGS = YES;
				SWIFT_VERSION = 5.0;
				TARGETED_DEVICE_FAMILY = "1,2";
			};
			name = Debug;
		};
		4253E1D629E158A0003BBA68 /* Release */ = {
			isa = XCBuildConfiguration;
			buildSettings = {
				ASSETCATALOG_COMPILER_APPICON_NAME = AppIcon;
				ASSETCATALOG_COMPILER_GLOBAL_ACCENT_COLOR_NAME = AccentColor;
				CODE_SIGN_STYLE = Automatic;
				CURRENT_PROJECT_VERSION = 1;
				DEVELOPMENT_ASSET_PATHS = "\"StarbucksCloneCoding/Preview Content\"";
				DEVELOPMENT_TEAM = 6T62MU29CF;
				ENABLE_PREVIEWS = YES;
				GENERATE_INFOPLIST_FILE = YES;
				INFOPLIST_KEY_UIApplicationSceneManifest_Generation = YES;
				INFOPLIST_KEY_UIApplicationSupportsIndirectInputEvents = YES;
				INFOPLIST_KEY_UILaunchScreen_Generation = YES;
				INFOPLIST_KEY_UISupportedInterfaceOrientations_iPad = "UIInterfaceOrientationPortrait UIInterfaceOrientationPortraitUpsideDown UIInterfaceOrientationLandscapeLeft UIInterfaceOrientationLandscapeRight";
				INFOPLIST_KEY_UISupportedInterfaceOrientations_iPhone = "UIInterfaceOrientationPortrait UIInterfaceOrientationLandscapeLeft UIInterfaceOrientationLandscapeRight";
				LD_RUNPATH_SEARCH_PATHS = (
					"$(inherited)",
					"@executable_path/Frameworks",
				);
				MARKETING_VERSION = 1.0;
				PRODUCT_BUNDLE_IDENTIFIER = net.yeton.StarbucksCloneCoding;
				PRODUCT_NAME = "$(TARGET_NAME)";
				SWIFT_EMIT_LOC_STRINGS = YES;
				SWIFT_VERSION = 5.0;
				TARGETED_DEVICE_FAMILY = "1,2";
			};
			name = Release;
		};
/* End XCBuildConfiguration section */

/* Begin XCConfigurationList section */
		4253E1C129E1589E003BBA68 /* Build configuration list for PBXProject "StarbucksCloneCoding" */ = {
			isa = XCConfigurationList;
			buildConfigurations = (
				4253E1D229E158A0003BBA68 /* Debug */,
				4253E1D329E158A0003BBA68 /* Release */,
			);
			defaultConfigurationIsVisible = 0;
			defaultConfigurationName = Release;
		};
		4253E1D429E158A0003BBA68 /* Build configuration list for PBXNativeTarget "StarbucksCloneCoding" */ = {
			isa = XCConfigurationList;
			buildConfigurations = (
				4253E1D529E158A0003BBA68 /* Debug */,
				4253E1D629E158A0003BBA68 /* Release */,
			);
			defaultConfigurationIsVisible = 0;
			defaultConfigurationName = Release;
		};
/* End XCConfigurationList section */
	};
	rootObject = 4253E1BE29E1589E003BBA68 /* Project object */;
}
